{
  "name": "template-fhir-ig",
  "lockfileVersion": 3,
  "requires": true,
  "packages": {
    "": {
      "dependencies": {
        "hl7.fhir.au.base": "^5.0.0",
        "hl7.fhir.au.core": "^1.0.0"
      }
    },
    "node_modules/hl7.fhir.au.base": {
      "version": "5.0.0",
      "resolved": "https://packages.simplifier.net/hl7.fhir.au.base/5.0.0",
      "integrity": "sha1-VkAQ0TBPM+FMwefHwKeia896SBs="
    },
    "node_modules/hl7.fhir.au.core": {
      "version": "1.0.0",
      "resolved": "https://packages.simplifier.net/hl7.fhir.au.core/1.0.0",
      "integrity": "sha1-49Zbkxtxwti7R/GnP866X/LwANo="
    }
  }
}
